
Microsoft Visual Studio Solution File, Format Version 12.00
# Visual Studio Version 17
VisualStudioVersion = 17.0.31903.59
MinimumVisualStudioVersion = 10.0.40219.1
Project("{FAE04EC0-301F-11D3-BF4B-00C04F79EFBC}") = "HelpdeskTicketManagement.Api", "HelpdeskTicketManagement.Api\HelpdeskTicketManagement.Api.csproj", "{F1BD705B-2280-4362-A902-80D4F4AE7E41}"
EndProject
Project("{FAE04EC0-301F-11D3-BF4B-00C04F79EFBC}") = "HelpdeskTicketManagement.Tests", "HelpdeskTicketManagement.Tests\HelpdeskTicketManagement.Tests.csproj", "{F73FAD19-557F-409A-A743-F838EF3CAD43}"
EndProject
Global
	GlobalSection(SolutionConfigurationPlatforms) = preSolution
		Debug|Any CPU = Debug|Any CPU
		Release|Any CPU = Release|Any CPU
	EndGlobalSection
	GlobalSection(SolutionProperties) = preSolution
		HideSolutionNode = FALSE
	EndGlobalSection
	GlobalSection(ProjectConfigurationPlatforms) = postSolution
		{F1BD705B-2280-4362-A902-80D4F4AE7E41}.Debug|Any CPU.ActiveCfg = Debug|Any CPU
		{F1BD705B-2280-4362-A902-80D4F4AE7E41}.Debug|Any CPU.Build.0 = Debug|Any CPU
		{F1BD705B-2280-4362-A902-80D4F4AE7E41}.Release|Any CPU.ActiveCfg = Release|Any CPU
		{F1BD705B-2280-4362-A902-80D4F4AE7E41}.Release|Any CPU.Build.0 = Release|Any CPU
		{F73FAD19-557F-409A-A743-F838EF3CAD43}.Debug|Any CPU.ActiveCfg = Debug|Any CPU
		{F73FAD19-557F-409A-A743-F838EF3CAD43}.Debug|Any CPU.Build.0 = Debug|Any CPU
		{F73FAD19-557F-409A-A743-F838EF3CAD43}.Release|Any CPU.ActiveCfg = Release|Any CPU
		{F73FAD19-557F-409A-A743-F838EF3CAD43}.Release|Any CPU.Build.0 = Release|Any CPU
	EndGlobalSection
EndGlobal
